
Microsoft Visual Studio Solution File, Format Version 12.00
# Visual Studio Version 17
VisualStudioVersion = 17.7.34024.191
MinimumVisualStudioVersion = 10.0.40219.1
Project("{2150E333-8FDC-42A3-9474-1A3956D46DE8}") = "Core", "Core", "{0228EF83-AF31-4CC9-9F97-D07A0E81C110}"
EndProject
Project("{FAE04EC0-301F-11D3-BF4B-00C04F79EFBC}") = "Application", "Application\Application.csproj", "{246145A7-56CA-4BA7-8FCA-E39A78D5C0EB}"
EndProject
Project("{FAE04EC0-301F-11D3-BF4B-00C04F79EFBC}") = "Domain", "Domain\Domain.csproj", "{F23CFACD-C3F8-4D40-975C-E5DE8A209D32}"
EndProject
Project("{2150E333-8FDC-42A3-9474-1A3956D46DE8}") = "Infrastructure", "Infrastructure", "{59855F10-CB54-48ED-9856-9D58CC026298}"
EndProject
Project("{FAE04EC0-301F-11D3-BF4B-00C04F79EFBC}") = "Infrastructure", "Infrastructure\Infrastructure.csproj", "{5E6DB8F8-32C2-4E81-9C17-87295F5BA1A0}"
EndProject
Project("{FAE04EC0-301F-11D3-BF4B-00C04F79EFBC}") = "Persistence", "Persistence\Persistence.csproj", "{C5155E36-5EAE-4C90-9CC6-670FD14142C6}"
EndProject
Project("{FAE04EC0-301F-11D3-BF4B-00C04F79EFBC}") = "API", "API\API.csproj", "{4D202984-2B19-423E-826B-185889F42736}"
EndProject
Project("{FAE04EC0-301F-11D3-BF4B-00C04F79EFBC}") = "API_GFT", "API_GFT\API_GFT.csproj", "{4535EBC3-93D1-4AAE-A113-C6E31D6E9602}"
EndProject
Global
	GlobalSection(SolutionConfigurationPlatforms) = preSolution
		Debug|Any CPU = Debug|Any CPU
		Release|Any CPU = Release|Any CPU
	EndGlobalSection
	GlobalSection(ProjectConfigurationPlatforms) = postSolution
		{246145A7-56CA-4BA7-8FCA-E39A78D5C0EB}.Debug|Any CPU.ActiveCfg = Debug|Any CPU
		{246145A7-56CA-4BA7-8FCA-E39A78D5C0EB}.Debug|Any CPU.Build.0 = Debug|Any CPU
		{246145A7-56CA-4BA7-8FCA-E39A78D5C0EB}.Release|Any CPU.ActiveCfg = Release|Any CPU
		{246145A7-56CA-4BA7-8FCA-E39A78D5C0EB}.Release|Any CPU.Build.0 = Release|Any CPU
		{F23CFACD-C3F8-4D40-975C-E5DE8A209D32}.Debug|Any CPU.ActiveCfg = Debug|Any CPU
		{F23CFACD-C3F8-4D40-975C-E5DE8A209D32}.Debug|Any CPU.Build.0 = Debug|Any CPU
		{F23CFACD-C3F8-4D40-975C-E5DE8A209D32}.Release|Any CPU.ActiveCfg = Release|Any CPU
		{F23CFACD-C3F8-4D40-975C-E5DE8A209D32}.Release|Any CPU.Build.0 = Release|Any CPU
		{5E6DB8F8-32C2-4E81-9C17-87295F5BA1A0}.Debug|Any CPU.ActiveCfg = Debug|Any CPU
		{5E6DB8F8-32C2-4E81-9C17-87295F5BA1A0}.Debug|Any CPU.Build.0 = Debug|Any CPU
		{5E6DB8F8-32C2-4E81-9C17-87295F5BA1A0}.Release|Any CPU.ActiveCfg = Release|Any CPU
		{5E6DB8F8-32C2-4E81-9C17-87295F5BA1A0}.Release|Any CPU.Build.0 = Release|Any CPU
		{C5155E36-5EAE-4C90-9CC6-670FD14142C6}.Debug|Any CPU.ActiveCfg = Debug|Any CPU
		{C5155E36-5EAE-4C90-9CC6-670FD14142C6}.Debug|Any CPU.Build.0 = Debug|Any CPU
		{C5155E36-5EAE-4C90-9CC6-670FD14142C6}.Release|Any CPU.ActiveCfg = Release|Any CPU
		{C5155E36-5EAE-4C90-9CC6-670FD14142C6}.Release|Any CPU.Build.0 = Release|Any CPU
		{4D202984-2B19-423E-826B-185889F42736}.Debug|Any CPU.ActiveCfg = Debug|Any CPU
		{4D202984-2B19-423E-826B-185889F42736}.Debug|Any CPU.Build.0 = Debug|Any CPU
		{4D202984-2B19-423E-826B-185889F42736}.Release|Any CPU.ActiveCfg = Release|Any CPU
		{4D202984-2B19-423E-826B-185889F42736}.Release|Any CPU.Build.0 = Release|Any CPU
		{4535EBC3-93D1-4AAE-A113-C6E31D6E9602}.Debug|Any CPU.ActiveCfg = Debug|Any CPU
		{4535EBC3-93D1-4AAE-A113-C6E31D6E9602}.Debug|Any CPU.Build.0 = Debug|Any CPU
		{4535EBC3-93D1-4AAE-A113-C6E31D6E9602}.Release|Any CPU.ActiveCfg = Release|Any CPU
		{4535EBC3-93D1-4AAE-A113-C6E31D6E9602}.Release|Any CPU.Build.0 = Release|Any CPU
	EndGlobalSection
	GlobalSection(SolutionProperties) = preSolution
		HideSolutionNode = FALSE
	EndGlobalSection
	GlobalSection(NestedProjects) = preSolution
		{246145A7-56CA-4BA7-8FCA-E39A78D5C0EB} = {0228EF83-AF31-4CC9-9F97-D07A0E81C110}
		{F23CFACD-C3F8-4D40-975C-E5DE8A209D32} = {0228EF83-AF31-4CC9-9F97-D07A0E81C110}
		{5E6DB8F8-32C2-4E81-9C17-87295F5BA1A0} = {59855F10-CB54-48ED-9856-9D58CC026298}
		{C5155E36-5EAE-4C90-9CC6-670FD14142C6} = {59855F10-CB54-48ED-9856-9D58CC026298}
	EndGlobalSection
	GlobalSection(ExtensibilityGlobals) = postSolution
		SolutionGuid = {A21BF26D-85BD-4E0B-9A46-3A71BF2FB17A}
	EndGlobalSection
EndGlobal
